
Microsoft Visual Studio Solution File, Format Version 12.00
# Visual Studio 15
VisualStudioVersion = 15.0.28307.572
MinimumVisualStudioVersion = 10.0.40219.1
Project("{FAE04EC0-301F-11D3-BF4B-00C04F79EFBC}") = "Animals", "Animals\Animals.csproj", "{614FE858-A3F3-4290-B72D-83A5BA0B918D}"
EndProject
Project("{FAE04EC0-301F-11D3-BF4B-00C04F79EFBC}") = "School", "School\School.csproj", "{708F9892-25E2-450B-93A8-4CC11DF1A211}"
EndProject
Global
	GlobalSection(SolutionConfigurationPlatforms) = preSolution
		Debug|Any CPU = Debug|Any CPU
		Release|Any CPU = Release|Any CPU
	EndGlobalSection
	GlobalSection(ProjectConfigurationPlatforms) = postSolution
		{614FE858-A3F3-4290-B72D-83A5BA0B918D}.Debug|Any CPU.ActiveCfg = Debug|Any CPU
		{614FE858-A3F3-4290-B72D-83A5BA0B918D}.Debug|Any CPU.Build.0 = Debug|Any CPU
		{614FE858-A3F3-4290-B72D-83A5BA0B918D}.Release|Any CPU.ActiveCfg = Release|Any CPU
		{614FE858-A3F3-4290-B72D-83A5BA0B918D}.Release|Any CPU.Build.0 = Release|Any CPU
		{708F9892-25E2-450B-93A8-4CC11DF1A211}.Debug|Any CPU.ActiveCfg = Debug|Any CPU
		{708F9892-25E2-450B-93A8-4CC11DF1A211}.Debug|Any CPU.Build.0 = Debug|Any CPU
		{708F9892-25E2-450B-93A8-4CC11DF1A211}.Release|Any CPU.ActiveCfg = Release|Any CPU
		{708F9892-25E2-450B-93A8-4CC11DF1A211}.Release|Any CPU.Build.0 = Release|Any CPU
	EndGlobalSection
	GlobalSection(SolutionProperties) = preSolution
		HideSolutionNode = FALSE
	EndGlobalSection
	GlobalSection(ExtensibilityGlobals) = postSolution
		SolutionGuid = {2661AB05-4A6D-417C-BC0F-F3F20E90367D}
	EndGlobalSection
EndGlobal
